// !$*UTF8*$!
{
	archiveVersion = 1;
	classes = {
	};
	objectVersion = 55;
	objects = {

/* Begin PBXBuildFile section */
		18AD959329C3604B005C2483 /* ProfileComp.swift in Sources */ = {isa = PBXBuildFile; fileRef = 18AD959229C3604B005C2483 /* ProfileComp.swift */; };
		18AD959529C36096005C2483 /* ProfileView.swift in Sources */ = {isa = PBXBuildFile; fileRef = 18AD959429C36096005C2483 /* ProfileView.swift */; };
		18F1861029D219C100FDF4EB /* GoogleService-Info.plist in Resources */ = {isa = PBXBuildFile; fileRef = 18F1860F29D219C100FDF4EB /* GoogleService-Info.plist */; };
		18FF018229D084E300150A06 /* UserModel.swift in Sources */ = {isa = PBXBuildFile; fileRef = 18FF018129D084E300150A06 /* UserModel.swift */; };
		18FF018429D085AB00150A06 /* Extensions.swift in Sources */ = {isa = PBXBuildFile; fileRef = 18FF018329D085AB00150A06 /* Extensions.swift */; };
		18FF018A29D0907E00150A06 /* AuthService.swift in Sources */ = {isa = PBXBuildFile; fileRef = 18FF018929D0907E00150A06 /* AuthService.swift */; };
		18FF018C29D0908B00150A06 /* StorageService.swift in Sources */ = {isa = PBXBuildFile; fileRef = 18FF018B29D0908B00150A06 /* StorageService.swift */; };
		980C118329D8729100D2E791 /* TestView.swift in Sources */ = {isa = PBXBuildFile; fileRef = 980C118229D8729100D2E791 /* TestView.swift */; };
		982069EF29C2EAAF0016C42F /* MessangerView.swift in Sources */ = {isa = PBXBuildFile; fileRef = 982069EE29C2EAAF0016C42F /* MessangerView.swift */; };
		98B087E229E4277E00857270 /* SignUpView.swift in Sources */ = {isa = PBXBuildFile; fileRef = 98B087E129E4277E00857270 /* SignUpView.swift */; };
		98B087E429E437CF00857270 /* SessionStore.swift in Sources */ = {isa = PBXBuildFile; fileRef = 98B087E329E437CF00857270 /* SessionStore.swift */; };
		98C1E6D929E07B0700B46039 /* UploadPostView.swift in Sources */ = {isa = PBXBuildFile; fileRef = 98C1E6D829E07B0700B46039 /* UploadPostView.swift */; };
		98C1E6DB29E08B9A00B46039 /* PostModel.swift in Sources */ = {isa = PBXBuildFile; fileRef = 98C1E6DA29E08B9A00B46039 /* PostModel.swift */; };
		98C1E6DD29E08D8100B46039 /* PostService.swift in Sources */ = {isa = PBXBuildFile; fileRef = 98C1E6DC29E08D8100B46039 /* PostService.swift */; };
		E50A649528E06EB000931A83 /* TabBarView.swift in Sources */ = {isa = PBXBuildFile; fileRef = E50A649428E06EB000931A83 /* TabBarView.swift */; };
		E50A649928E07AAD00931A83 /* Tab.swift in Sources */ = {isa = PBXBuildFile; fileRef = E50A649828E07AAD00931A83 /* Tab.swift */; };
		E50A649B28E07B4600931A83 /* Styles.swift in Sources */ = {isa = PBXBuildFile; fileRef = E50A649A28E07B4600931A83 /* Styles.swift */; };
		E518672928E497C300F8DB52 /* ExploreView.swift in Sources */ = {isa = PBXBuildFile; fileRef = E518672828E497C300F8DB52 /* ExploreView.swift */; };
		E518672B28E49EF800F8DB52 /* MainTabView.swift in Sources */ = {isa = PBXBuildFile; fileRef = E518672A28E49EF800F8DB52 /* MainTabView.swift */; };
		E52CDF91290C3783003E43EB /* Assets.xcassets in Resources */ = {isa = PBXBuildFile; fileRef = E52CDF90290C3783003E43EB /* Assets.xcassets */; };
		E52CDF93290EBC3E003E43EB /* ContentView.swift in Sources */ = {isa = PBXBuildFile; fileRef = E52CDF92290EBC3E003E43EB /* ContentView.swift */; };
		E54FDBB528DCC3D6008294DE /* FirebaseAnalytics in Frameworks */ = {isa = PBXBuildFile; productRef = E54FDBB428DCC3D6008294DE /* FirebaseAnalytics */; };
		E54FDBB728DCC3D6008294DE /* FirebaseAnalyticsSwift in Frameworks */ = {isa = PBXBuildFile; productRef = E54FDBB628DCC3D6008294DE /* FirebaseAnalyticsSwift */; };
		E54FDBB928DCC3D6008294DE /* FirebaseAuth in Frameworks */ = {isa = PBXBuildFile; productRef = E54FDBB828DCC3D6008294DE /* FirebaseAuth */; };
		E54FDBBB28DCC3D6008294DE /* FirebaseAuthCombine-Community in Frameworks */ = {isa = PBXBuildFile; productRef = E54FDBBA28DCC3D6008294DE /* FirebaseAuthCombine-Community */; };
		E54FDBBD28DCC3D6008294DE /* FirebaseDatabase in Frameworks */ = {isa = PBXBuildFile; productRef = E54FDBBC28DCC3D6008294DE /* FirebaseDatabase */; };
		E54FDBBF28DCC3D6008294DE /* FirebaseDatabaseSwift in Frameworks */ = {isa = PBXBuildFile; productRef = E54FDBBE28DCC3D6008294DE /* FirebaseDatabaseSwift */; };
		E54FDBC128DCC3D6008294DE /* FirebaseDynamicLinks in Frameworks */ = {isa = PBXBuildFile; productRef = E54FDBC028DCC3D6008294DE /* FirebaseDynamicLinks */; };
		E54FDBC328DCC3D6008294DE /* FirebaseFirestore in Frameworks */ = {isa = PBXBuildFile; productRef = E54FDBC228DCC3D6008294DE /* FirebaseFirestore */; };
		E54FDBC528DCC3D6008294DE /* FirebaseFirestoreCombine-Community in Frameworks */ = {isa = PBXBuildFile; productRef = E54FDBC428DCC3D6008294DE /* FirebaseFirestoreCombine-Community */; };
		E54FDBC728DCC3D6008294DE /* FirebaseFirestoreSwift in Frameworks */ = {isa = PBXBuildFile; productRef = E54FDBC628DCC3D6008294DE /* FirebaseFirestoreSwift */; };
		E54FDBC928DCC3D6008294DE /* FirebaseInAppMessaging-Beta in Frameworks */ = {isa = PBXBuildFile; productRef = E54FDBC828DCC3D6008294DE /* FirebaseInAppMessaging-Beta */; };
		E54FDBCB28DCC3D6008294DE /* FirebaseInAppMessagingSwift-Beta in Frameworks */ = {isa = PBXBuildFile; productRef = E54FDBCA28DCC3D6008294DE /* FirebaseInAppMessagingSwift-Beta */; };
		E54FDBCD28DCC3D6008294DE /* FirebaseInstallations in Frameworks */ = {isa = PBXBuildFile; productRef = E54FDBCC28DCC3D6008294DE /* FirebaseInstallations */; };
		E54FDBCF28DCC3D6008294DE /* FirebaseMessaging in Frameworks */ = {isa = PBXBuildFile; productRef = E54FDBCE28DCC3D6008294DE /* FirebaseMessaging */; };
		E54FDBD128DCC3D6008294DE /* FirebasePerformance in Frameworks */ = {isa = PBXBuildFile; productRef = E54FDBD028DCC3D6008294DE /* FirebasePerformance */; };
		E54FDBD328DCC3D6008294DE /* FirebaseStorage in Frameworks */ = {isa = PBXBuildFile; productRef = E54FDBD228DCC3D6008294DE /* FirebaseStorage */; };
		E54FDBD528DCC3D6008294DE /* FirebaseStorageCombine-Community in Frameworks */ = {isa = PBXBuildFile; productRef = E54FDBD428DCC3D6008294DE /* FirebaseStorageCombine-Community */; };
		E554A44928F2CED5009EFE0B /* SideBarButton.swift in Sources */ = {isa = PBXBuildFile; fileRef = E554A44828F2CED5009EFE0B /* SideBarButton.swift */; };
		E554A44B28F2D469009EFE0B /* CustomCorners.swift in Sources */ = {isa = PBXBuildFile; fileRef = E554A44A28F2D469009EFE0B /* CustomCorners.swift */; };
		E5791C5F28D9D8EC00F417A1 /* LaunchScreenView.swift in Sources */ = {isa = PBXBuildFile; fileRef = E5791C5E28D9D8EC00F417A1 /* LaunchScreenView.swift */; };
		E58BF7DE28E9D393000A4D36 /* LoginView.swift in Sources */ = {isa = PBXBuildFile; fileRef = E58BF7DD28E9D393000A4D36 /* LoginView.swift */; };
		E58BF7E028EB3317000A4D36 /* RoundedShape.swift in Sources */ = {isa = PBXBuildFile; fileRef = E58BF7DF28EB3317000A4D36 /* RoundedShape.swift */; };
		E58BF7E228EB3A3B000A4D36 /* CustomInputField.swift in Sources */ = {isa = PBXBuildFile; fileRef = E58BF7E128EB3A3B000A4D36 /* CustomInputField.swift */; };
		E599E07728DA24D200C0B978 /* LaunchScreenManager.swift in Sources */ = {isa = PBXBuildFile; fileRef = E599E07628DA24D200C0B978 /* LaunchScreenManager.swift */; };
		E59CA3A828E225720062870B /* VideoMetadata.swift in Sources */ = {isa = PBXBuildFile; fileRef = E59CA3A728E225720062870B /* VideoMetadata.swift */; };
		E59CA3AA28E226720062870B /* VideoComment.swift in Sources */ = {isa = PBXBuildFile; fileRef = E59CA3A928E226720062870B /* VideoComment.swift */; };
		E5C4A55228D8A9C600EFEF36 /* deSmetApp.swift in Sources */ = {isa = PBXBuildFile; fileRef = E5C4A55128D8A9C600EFEF36 /* deSmetApp.swift */; };
		E5C5B01B2902DD660056DC99 /* ImagePicker.swift in Sources */ = {isa = PBXBuildFile; fileRef = E5C5B01A2902DD660056DC99 /* ImagePicker.swift */; };
		E5C5B01D2903064C0056DC99 /* ImageUploader.swift in Sources */ = {isa = PBXBuildFile; fileRef = E5C5B01C2903064C0056DC99 /* ImageUploader.swift */; };
/* End PBXBuildFile section */

/* Begin PBXContainerItemProxy section */
		E5C4A55F28D8A9C900EFEF36 /* PBXContainerItemProxy */ = {
			isa = PBXContainerItemProxy;
			containerPortal = E5C4A54628D8A9C600EFEF36 /* Project object */;
			proxyType = 1;
			remoteGlobalIDString = E5C4A54D28D8A9C600EFEF36;
			remoteInfo = deSmet;
		};
		E5C4A56928D8A9C900EFEF36 /* PBXContainerItemProxy */ = {
			isa = PBXContainerItemProxy;
			containerPortal = E5C4A54628D8A9C600EFEF36 /* Project object */;
			proxyType = 1;
			remoteGlobalIDString = E5C4A54D28D8A9C600EFEF36;
			remoteInfo = deSmet;
		};
/* End PBXContainerItemProxy section */

/* Begin PBXFileReference section */
		18AD959229C3604B005C2483 /* ProfileComp.swift */ = {isa = PBXFileReference; fileEncoding = 4; lastKnownFileType = sourcecode.swift; path = ProfileComp.swift; sourceTree = "<group>"; };
		18AD959429C36096005C2483 /* ProfileView.swift */ = {isa = PBXFileReference; lastKnownFileType = sourcecode.swift; path = ProfileView.swift; sourceTree = "<group>"; };
		18F1860F29D219C100FDF4EB /* GoogleService-Info.plist */ = {isa = PBXFileReference; fileEncoding = 4; lastKnownFileType = text.plist.xml; name = "GoogleService-Info.plist"; path = "../../../Downloads/GoogleService-Info.plist"; sourceTree = "<group>"; };
		18FF018129D084E300150A06 /* UserModel.swift */ = {isa = PBXFileReference; lastKnownFileType = sourcecode.swift; path = UserModel.swift; sourceTree = "<group>"; };
		18FF018329D085AB00150A06 /* Extensions.swift */ = {isa = PBXFileReference; lastKnownFileType = sourcecode.swift; path = Extensions.swift; sourceTree = "<group>"; };
		18FF018929D0907E00150A06 /* AuthService.swift */ = {isa = PBXFileReference; lastKnownFileType = sourcecode.swift; path = AuthService.swift; sourceTree = "<group>"; };
		18FF018B29D0908B00150A06 /* StorageService.swift */ = {isa = PBXFileReference; lastKnownFileType = sourcecode.swift; path = StorageService.swift; sourceTree = "<group>"; };
		980C118229D8729100D2E791 /* TestView.swift */ = {isa = PBXFileReference; lastKnownFileType = sourcecode.swift; path = TestView.swift; sourceTree = "<group>"; };
		982069EE29C2EAAF0016C42F /* MessangerView.swift */ = {isa = PBXFileReference; lastKnownFileType = sourcecode.swift; path = MessangerView.swift; sourceTree = "<group>"; };
		98B087E129E4277E00857270 /* SignUpView.swift */ = {isa = PBXFileReference; lastKnownFileType = sourcecode.swift; path = SignUpView.swift; sourceTree = "<group>"; };
		98B087E329E437CF00857270 /* SessionStore.swift */ = {isa = PBXFileReference; lastKnownFileType = sourcecode.swift; path = SessionStore.swift; sourceTree = "<group>"; };
		98C1E6D829E07B0700B46039 /* UploadPostView.swift */ = {isa = PBXFileReference; lastKnownFileType = sourcecode.swift; path = UploadPostView.swift; sourceTree = "<group>"; };
		98C1E6DA29E08B9A00B46039 /* PostModel.swift */ = {isa = PBXFileReference; lastKnownFileType = sourcecode.swift; path = PostModel.swift; sourceTree = "<group>"; };
		98C1E6DC29E08D8100B46039 /* PostService.swift */ = {isa = PBXFileReference; lastKnownFileType = sourcecode.swift; path = PostService.swift; sourceTree = "<group>"; };
		E50A649428E06EB000931A83 /* TabBarView.swift */ = {isa = PBXFileReference; lastKnownFileType = sourcecode.swift; path = TabBarView.swift; sourceTree = "<group>"; };
		E50A649828E07AAD00931A83 /* Tab.swift */ = {isa = PBXFileReference; lastKnownFileType = sourcecode.swift; path = Tab.swift; sourceTree = "<group>"; };
		E50A649A28E07B4600931A83 /* Styles.swift */ = {isa = PBXFileReference; lastKnownFileType = sourcecode.swift; path = Styles.swift; sourceTree = "<group>"; };
		E518672828E497C300F8DB52 /* ExploreView.swift */ = {isa = PBXFileReference; lastKnownFileType = sourcecode.swift; path = ExploreView.swift; sourceTree = "<group>"; };
		E518672A28E49EF800F8DB52 /* MainTabView.swift */ = {isa = PBXFileReference; lastKnownFileType = sourcecode.swift; path = MainTabView.swift; sourceTree = "<group>"; };
		E52CDF90290C3783003E43EB /* Assets.xcassets */ = {isa = PBXFileReference; lastKnownFileType = folder.assetcatalog; path = Assets.xcassets; sourceTree = "<group>"; };
		E52CDF92290EBC3E003E43EB /* ContentView.swift */ = {isa = PBXFileReference; lastKnownFileType = sourcecode.swift; path = ContentView.swift; sourceTree = "<group>"; };
		E554A44828F2CED5009EFE0B /* SideBarButton.swift */ = {isa = PBXFileReference; lastKnownFileType = sourcecode.swift; path = SideBarButton.swift; sourceTree = "<group>"; };
		E554A44A28F2D469009EFE0B /* CustomCorners.swift */ = {isa = PBXFileReference; lastKnownFileType = sourcecode.swift; path = CustomCorners.swift; sourceTree = "<group>"; };
		E5791C5928D9CE3100F417A1 /* Info.plist */ = {isa = PBXFileReference; lastKnownFileType = text.plist; path = Info.plist; sourceTree = "<group>"; };
		E5791C5E28D9D8EC00F417A1 /* LaunchScreenView.swift */ = {isa = PBXFileReference; lastKnownFileType = sourcecode.swift; path = LaunchScreenView.swift; sourceTree = "<group>"; };
		E58BF7DD28E9D393000A4D36 /* LoginView.swift */ = {isa = PBXFileReference; lastKnownFileType = sourcecode.swift; path = LoginView.swift; sourceTree = "<group>"; };
		E58BF7DF28EB3317000A4D36 /* RoundedShape.swift */ = {isa = PBXFileReference; lastKnownFileType = sourcecode.swift; path = RoundedShape.swift; sourceTree = "<group>"; };
		E58BF7E128EB3A3B000A4D36 /* CustomInputField.swift */ = {isa = PBXFileReference; lastKnownFileType = sourcecode.swift; path = CustomInputField.swift; sourceTree = "<group>"; };
		E599E07628DA24D200C0B978 /* LaunchScreenManager.swift */ = {isa = PBXFileReference; lastKnownFileType = sourcecode.swift; path = LaunchScreenManager.swift; sourceTree = "<group>"; };
		E59CA3A728E225720062870B /* VideoMetadata.swift */ = {isa = PBXFileReference; lastKnownFileType = sourcecode.swift; path = VideoMetadata.swift; sourceTree = "<group>"; };
		E59CA3A928E226720062870B /* VideoComment.swift */ = {isa = PBXFileReference; lastKnownFileType = sourcecode.swift; path = VideoComment.swift; sourceTree = "<group>"; };
		E5C4A54E28D8A9C600EFEF36 /* deSmet.app */ = {isa = PBXFileReference; explicitFileType = wrapper.application; includeInIndex = 0; path = deSmet.app; sourceTree = BUILT_PRODUCTS_DIR; };
		E5C4A55128D8A9C600EFEF36 /* deSmetApp.swift */ = {isa = PBXFileReference; lastKnownFileType = sourcecode.swift; path = deSmetApp.swift; sourceTree = "<group>"; };
		E5C4A55E28D8A9C900EFEF36 /* deSmetTests.xctest */ = {isa = PBXFileReference; explicitFileType = wrapper.cfbundle; includeInIndex = 0; path = deSmetTests.xctest; sourceTree = BUILT_PRODUCTS_DIR; };
		E5C4A56828D8A9C900EFEF36 /* deSmetUITests.xctest */ = {isa = PBXFileReference; explicitFileType = wrapper.cfbundle; includeInIndex = 0; path = deSmetUITests.xctest; sourceTree = BUILT_PRODUCTS_DIR; };
		E5C5B01A2902DD660056DC99 /* ImagePicker.swift */ = {isa = PBXFileReference; lastKnownFileType = sourcecode.swift; path = ImagePicker.swift; sourceTree = "<group>"; };
		E5C5B01C2903064C0056DC99 /* ImageUploader.swift */ = {isa = PBXFileReference; lastKnownFileType = sourcecode.swift; path = ImageUploader.swift; sourceTree = "<group>"; };
/* End PBXFileReference section */

/* Begin PBXFrameworksBuildPhase section */
		E5C4A54B28D8A9C600EFEF36 /* Frameworks */ = {
			isa = PBXFrameworksBuildPhase;
			buildActionMask = 2147483647;
			files = (
				E54FDBBF28DCC3D6008294DE /* FirebaseDatabaseSwift in Frameworks */,
				E54FDBBD28DCC3D6008294DE /* FirebaseDatabase in Frameworks */,
				E54FDBD128DCC3D6008294DE /* FirebasePerformance in Frameworks */,
				E54FDBCF28DCC3D6008294DE /* FirebaseMessaging in Frameworks */,
				E54FDBCD28DCC3D6008294DE /* FirebaseInstallations in Frameworks */,
				E54FDBD328DCC3D6008294DE /* FirebaseStorage in Frameworks */,
				E54FDBD528DCC3D6008294DE /* FirebaseStorageCombine-Community in Frameworks */,
				E54FDBB728DCC3D6008294DE /* FirebaseAnalyticsSwift in Frameworks */,
				E54FDBC528DCC3D6008294DE /* FirebaseFirestoreCombine-Community in Frameworks */,
				E54FDBB928DCC3D6008294DE /* FirebaseAuth in Frameworks */,
				E54FDBC728DCC3D6008294DE /* FirebaseFirestoreSwift in Frameworks */,
				E54FDBC928DCC3D6008294DE /* FirebaseInAppMessaging-Beta in Frameworks */,
				E54FDBB528DCC3D6008294DE /* FirebaseAnalytics in Frameworks */,
				E54FDBC328DCC3D6008294DE /* FirebaseFirestore in Frameworks */,
				E54FDBC128DCC3D6008294DE /* FirebaseDynamicLinks in Frameworks */,
				E54FDBCB28DCC3D6008294DE /* FirebaseInAppMessagingSwift-Beta in Frameworks */,
				E54FDBBB28DCC3D6008294DE /* FirebaseAuthCombine-Community in Frameworks */,
			);
			runOnlyForDeploymentPostprocessing = 0;
		};
		E5C4A55B28D8A9C900EFEF36 /* Frameworks */ = {
			isa = PBXFrameworksBuildPhase;
			buildActionMask = 2147483647;
			files = (
			);
			runOnlyForDeploymentPostprocessing = 0;
		};
		E5C4A56528D8A9C900EFEF36 /* Frameworks */ = {
			isa = PBXFrameworksBuildPhase;
			buildActionMask = 2147483647;
			files = (
			);
			runOnlyForDeploymentPostprocessing = 0;
		};
/* End PBXFrameworksBuildPhase section */

/* Begin PBXGroup section */
		18FF018729D0904600150A06 /* Services */ = {
			isa = PBXGroup;
			children = (
				18FF018929D0907E00150A06 /* AuthService.swift */,
				18FF018B29D0908B00150A06 /* StorageService.swift */,
				98B087E329E437CF00857270 /* SessionStore.swift */,
				98C1E6DC29E08D8100B46039 /* PostService.swift */,
			);
			path = Services;
			sourceTree = "<group>";
		};
		98C1E6D729E07AEC00B46039 /* Posts */ = {
			isa = PBXGroup;
			children = (
				98C1E6D829E07B0700B46039 /* UploadPostView.swift */,
			);
			path = Posts;
			sourceTree = "<group>";
		};
		E554A44528F2AF3D009EFE0B /* Profile */ = {
			isa = PBXGroup;
			children = (
				18AD959229C3604B005C2483 /* ProfileComp.swift */,
				E554A44828F2CED5009EFE0B /* SideBarButton.swift */,
				18AD959429C36096005C2483 /* ProfileView.swift */,
			);
			path = Profile;
			sourceTree = "<group>";
		};
		E56A8104290AE7760067A36F /* Explore */ = {
			isa = PBXGroup;
			children = (
				E518672828E497C300F8DB52 /* ExploreView.swift */,
			);
			path = Explore;
			sourceTree = "<group>";
		};
		E59CA3A528E224F80062870B /* View */ = {
			isa = PBXGroup;
			children = (
				E52CDF92290EBC3E003E43EB /* ContentView.swift */,
				E50A649428E06EB000931A83 /* TabBarView.swift */,
				E518672A28E49EF800F8DB52 /* MainTabView.swift */,
				E5791C5E28D9D8EC00F417A1 /* LaunchScreenView.swift */,
				98C1E6D729E07AEC00B46039 /* Posts */,
				E56A8104290AE7760067A36F /* Explore */,
				E5FBF0DD28FDB79C0037F588 /* Authentication */,
				E5FBF0D028FBF1EF0037F588 /* Messanger */,
				E554A44528F2AF3D009EFE0B /* Profile */,
				980C118229D8729100D2E791 /* TestView.swift */,
			);
			path = View;
			sourceTree = "<group>";
		};
		E59CA3A628E225330062870B /* Model */ = {
			isa = PBXGroup;
			children = (
				E59CA3AB28E226C80062870B /* InfinitySpace */,
				E50A649A28E07B4600931A83 /* Styles.swift */,
				E50A649828E07AAD00931A83 /* Tab.swift */,
				E599E07628DA24D200C0B978 /* LaunchScreenManager.swift */,
				E58BF7DF28EB3317000A4D36 /* RoundedShape.swift */,
				E58BF7E128EB3A3B000A4D36 /* CustomInputField.swift */,
				E554A44A28F2D469009EFE0B /* CustomCorners.swift */,
				18FF018129D084E300150A06 /* UserModel.swift */,
				18FF018329D085AB00150A06 /* Extensions.swift */,
				98C1E6DA29E08B9A00B46039 /* PostModel.swift */,
			);
			path = Model;
			sourceTree = "<group>";
		};
		E59CA3AB28E226C80062870B /* InfinitySpace */ = {
			isa = PBXGroup;
			children = (
				E59CA3A728E225720062870B /* VideoMetadata.swift */,
				E59CA3A928E226720062870B /* VideoComment.swift */,
			);
			path = InfinitySpace;
			sourceTree = "<group>";
		};
		E5C4A54528D8A9C600EFEF36 = {
			isa = PBXGroup;
			children = (
				E5C4A55028D8A9C600EFEF36 /* deSmet */,
				E5C4A54F28D8A9C600EFEF36 /* Products */,
			);
			sourceTree = "<group>";
		};
		E5C4A54F28D8A9C600EFEF36 /* Products */ = {
			isa = PBXGroup;
			children = (
				E5C4A54E28D8A9C600EFEF36 /* deSmet.app */,
				E5C4A55E28D8A9C900EFEF36 /* deSmetTests.xctest */,
				E5C4A56828D8A9C900EFEF36 /* deSmetUITests.xctest */,
			);
			name = Products;
			sourceTree = "<group>";
		};
		E5C4A55028D8A9C600EFEF36 /* deSmet */ = {
			isa = PBXGroup;
			children = (
				E5C4A55128D8A9C600EFEF36 /* deSmetApp.swift */,
				E52CDF90290C3783003E43EB /* Assets.xcassets */,
				18FF018729D0904600150A06 /* Services */,
				E5C5B0192902DD500056DC99 /* Utils */,
				E59CA3A628E225330062870B /* Model */,
				E59CA3A528E224F80062870B /* View */,
				E5791C5928D9CE3100F417A1 /* Info.plist */,
				18F1860F29D219C100FDF4EB /* GoogleService-Info.plist */,
			);
			path = deSmet;
			sourceTree = "<group>";
		};
		E5C5B0192902DD500056DC99 /* Utils */ = {
			isa = PBXGroup;
			children = (
				E5C5B01A2902DD660056DC99 /* ImagePicker.swift */,
				E5C5B01C2903064C0056DC99 /* ImageUploader.swift */,
			);
			path = Utils;
			sourceTree = "<group>";
		};
		E5FBF0D028FBF1EF0037F588 /* Messanger */ = {
			isa = PBXGroup;
			children = (
				982069EE29C2EAAF0016C42F /* MessangerView.swift */,
			);
			path = Messanger;
			sourceTree = "<group>";
		};
		E5FBF0DD28FDB79C0037F588 /* Authentication */ = {
			isa = PBXGroup;
			children = (
				E58BF7DD28E9D393000A4D36 /* LoginView.swift */,
				98B087E129E4277E00857270 /* SignUpView.swift */,
			);
			path = Authentication;
			sourceTree = "<group>";
		};
/* End PBXGroup section */

/* Begin PBXNativeTarget section */
		E5C4A54D28D8A9C600EFEF36 /* deSmet */ = {
			isa = PBXNativeTarget;
			buildConfigurationList = E5C4A57228D8A9C900EFEF36 /* Build configuration list for PBXNativeTarget "deSmet" */;
			buildPhases = (
				E5C4A54A28D8A9C600EFEF36 /* Sources */,
				E5C4A54B28D8A9C600EFEF36 /* Frameworks */,
				E5C4A54C28D8A9C600EFEF36 /* Resources */,
			);
			buildRules = (
			);
			dependencies = (
			);
			name = deSmet;
			packageProductDependencies = (
				E54FDBB428DCC3D6008294DE /* FirebaseAnalytics */,
				E54FDBB628DCC3D6008294DE /* FirebaseAnalyticsSwift */,
				E54FDBB828DCC3D6008294DE /* FirebaseAuth */,
				E54FDBBA28DCC3D6008294DE /* FirebaseAuthCombine-Community */,
				E54FDBBC28DCC3D6008294DE /* FirebaseDatabase */,
				E54FDBBE28DCC3D6008294DE /* FirebaseDatabaseSwift */,
				E54FDBC028DCC3D6008294DE /* FirebaseDynamicLinks */,
				E54FDBC228DCC3D6008294DE /* FirebaseFirestore */,
				E54FDBC428DCC3D6008294DE /* FirebaseFirestoreCombine-Community */,
				E54FDBC628DCC3D6008294DE /* FirebaseFirestoreSwift */,
				E54FDBC828DCC3D6008294DE /* FirebaseInAppMessaging-Beta */,
				E54FDBCA28DCC3D6008294DE /* FirebaseInAppMessagingSwift-Beta */,
				E54FDBCC28DCC3D6008294DE /* FirebaseInstallations */,
				E54FDBCE28DCC3D6008294DE /* FirebaseMessaging */,
				E54FDBD028DCC3D6008294DE /* FirebasePerformance */,
				E54FDBD228DCC3D6008294DE /* FirebaseStorage */,
				E54FDBD428DCC3D6008294DE /* FirebaseStorageCombine-Community */,
			);
			productName = deSmet;
			productReference = E5C4A54E28D8A9C600EFEF36 /* deSmet.app */;
			productType = "com.apple.product-type.application";
		};
		E5C4A55D28D8A9C900EFEF36 /* deSmetTests */ = {
			isa = PBXNativeTarget;
			buildConfigurationList = E5C4A57528D8A9C900EFEF36 /* Build configuration list for PBXNativeTarget "deSmetTests" */;
			buildPhases = (
				E5C4A55A28D8A9C900EFEF36 /* Sources */,
				E5C4A55B28D8A9C900EFEF36 /* Frameworks */,
				E5C4A55C28D8A9C900EFEF36 /* Resources */,
			);
			buildRules = (
			);
			dependencies = (
				E5C4A56028D8A9C900EFEF36 /* PBXTargetDependency */,
			);
			name = deSmetTests;
			productName = deSmetTests;
			productReference = E5C4A55E28D8A9C900EFEF36 /* deSmetTests.xctest */;
			productType = "com.apple.product-type.bundle.unit-test";
		};
		E5C4A56728D8A9C900EFEF36 /* deSmetUITests */ = {
			isa = PBXNativeTarget;
			buildConfigurationList = E5C4A57828D8A9C900EFEF36 /* Build configuration list for PBXNativeTarget "deSmetUITests" */;
			buildPhases = (
				E5C4A56428D8A9C900EFEF36 /* Sources */,
				E5C4A56528D8A9C900EFEF36 /* Frameworks */,
				E5C4A56628D8A9C900EFEF36 /* Resources */,
			);
			buildRules = (
			);
			dependencies = (
				E5C4A56A28D8A9C900EFEF36 /* PBXTargetDependency */,
			);
			name = deSmetUITests;
			productName = deSmetUITests;
			productReference = E5C4A56828D8A9C900EFEF36 /* deSmetUITests.xctest */;
			productType = "com.apple.product-type.bundle.ui-testing";
		};
/* End PBXNativeTarget section */

/* Begin PBXProject section */
		E5C4A54628D8A9C600EFEF36 /* Project object */ = {
			isa = PBXProject;
			attributes = {
				BuildIndependentTargetsInParallel = 1;
				LastSwiftUpdateCheck = 1340;
				LastUpgradeCheck = 1340;
				TargetAttributes = {
					E5C4A54D28D8A9C600EFEF36 = {
						CreatedOnToolsVersion = 13.4.1;
					};
					E5C4A55D28D8A9C900EFEF36 = {
						CreatedOnToolsVersion = 13.4.1;
						TestTargetID = E5C4A54D28D8A9C600EFEF36;
					};
					E5C4A56728D8A9C900EFEF36 = {
						CreatedOnToolsVersion = 13.4.1;
						TestTargetID = E5C4A54D28D8A9C600EFEF36;
					};
				};
			};
			buildConfigurationList = E5C4A54928D8A9C600EFEF36 /* Build configuration list for PBXProject "deSmet" */;
			compatibilityVersion = "Xcode 13.0";
			developmentRegion = en;
			hasScannedForEncodings = 0;
			knownRegions = (
				en,
				Base,
			);
			mainGroup = E5C4A54528D8A9C600EFEF36;
			packageReferences = (
				E54FDBB328DCC3D6008294DE /* XCRemoteSwiftPackageReference "firebase-ios-sdk" */,
			);
			productRefGroup = E5C4A54F28D8A9C600EFEF36 /* Products */;
			projectDirPath = "";
			projectRoot = "";
			targets = (
				E5C4A54D28D8A9C600EFEF36 /* deSmet */,
				E5C4A55D28D8A9C900EFEF36 /* deSmetTests */,
				E5C4A56728D8A9C900EFEF36 /* deSmetUITests */,
			);
		};
/* End PBXProject section */

/* Begin PBXResourcesBuildPhase section */
		E5C4A54C28D8A9C600EFEF36 /* Resources */ = {
			isa = PBXResourcesBuildPhase;
			buildActionMask = 2147483647;
			files = (
				E52CDF91290C3783003E43EB /* Assets.xcassets in Resources */,
				18F1861029D219C100FDF4EB /* GoogleService-Info.plist in Resources */,
			);
			runOnlyForDeploymentPostprocessing = 0;
		};
		E5C4A55C28D8A9C900EFEF36 /* Resources */ = {
			isa = PBXResourcesBuildPhase;
			buildActionMask = 2147483647;
			files = (
			);
			runOnlyForDeploymentPostprocessing = 0;
		};
		E5C4A56628D8A9C900EFEF36 /* Resources */ = {
			isa = PBXResourcesBuildPhase;
			buildActionMask = 2147483647;
			files = (
			);
			runOnlyForDeploymentPostprocessing = 0;
		};
/* End PBXResourcesBuildPhase section */

/* Begin PBXSourcesBuildPhase section */
		E5C4A54A28D8A9C600EFEF36 /* Sources */ = {
			isa = PBXSourcesBuildPhase;
			buildActionMask = 2147483647;
			files = (
				98C1E6DD29E08D8100B46039 /* PostService.swift in Sources */,
				18AD959329C3604B005C2483 /* ProfileComp.swift in Sources */,
				98C1E6DB29E08B9A00B46039 /* PostModel.swift in Sources */,
				98C1E6D929E07B0700B46039 /* UploadPostView.swift in Sources */,
				E554A44928F2CED5009EFE0B /* SideBarButton.swift in Sources */,
				E59CA3AA28E226720062870B /* VideoComment.swift in Sources */,
				980C118329D8729100D2E791 /* TestView.swift in Sources */,
				E518672B28E49EF800F8DB52 /* MainTabView.swift in Sources */,
				E58BF7DE28E9D393000A4D36 /* LoginView.swift in Sources */,
				E5C4A55228D8A9C600EFEF36 /* deSmetApp.swift in Sources */,
				E58BF7E228EB3A3B000A4D36 /* CustomInputField.swift in Sources */,
				18FF018429D085AB00150A06 /* Extensions.swift in Sources */,
				E599E07728DA24D200C0B978 /* LaunchScreenManager.swift in Sources */,
				E50A649B28E07B4600931A83 /* Styles.swift in Sources */,
				18AD959529C36096005C2483 /* ProfileView.swift in Sources */,
				18FF018A29D0907E00150A06 /* AuthService.swift in Sources */,
				98B087E429E437CF00857270 /* SessionStore.swift in Sources */,
				E518672928E497C300F8DB52 /* ExploreView.swift in Sources */,
				98B087E229E4277E00857270 /* SignUpView.swift in Sources */,
				E5C5B01B2902DD660056DC99 /* ImagePicker.swift in Sources */,
				E59CA3A828E225720062870B /* VideoMetadata.swift in Sources */,
				E50A649528E06EB000931A83 /* TabBarView.swift in Sources */,
				E52CDF93290EBC3E003E43EB /* ContentView.swift in Sources */,
				E5791C5F28D9D8EC00F417A1 /* LaunchScreenView.swift in Sources */,
				E50A649928E07AAD00931A83 /* Tab.swift in Sources */,
				E58BF7E028EB3317000A4D36 /* RoundedShape.swift in Sources */,
				E554A44B28F2D469009EFE0B /* CustomCorners.swift in Sources */,
				982069EF29C2EAAF0016C42F /* MessangerView.swift in Sources */,
				18FF018229D084E300150A06 /* UserModel.swift in Sources */,
				18FF018C29D0908B00150A06 /* StorageService.swift in Sources */,
				E5C5B01D2903064C0056DC99 /* ImageUploader.swift in Sources */,
			);
			runOnlyForDeploymentPostprocessing = 0;
		};
		E5C4A55A28D8A9C900EFEF36 /* Sources */ = {
			isa = PBXSourcesBuildPhase;
			buildActionMask = 2147483647;
			files = (
			);
			runOnlyForDeploymentPostprocessing = 0;
		};
		E5C4A56428D8A9C900EFEF36 /* Sources */ = {
			isa = PBXSourcesBuildPhase;
			buildActionMask = 2147483647;
			files = (
			);
			runOnlyForDeploymentPostprocessing = 0;
		};
/* End PBXSourcesBuildPhase section */

/* Begin PBXTargetDependency section */
		E5C4A56028D8A9C900EFEF36 /* PBXTargetDependency */ = {
			isa = PBXTargetDependency;
			target = E5C4A54D28D8A9C600EFEF36 /* deSmet */;
			targetProxy = E5C4A55F28D8A9C900EFEF36 /* PBXContainerItemProxy */;
		};
		E5C4A56A28D8A9C900EFEF36 /* PBXTargetDependency */ = {
			isa = PBXTargetDependency;
			target = E5C4A54D28D8A9C600EFEF36 /* deSmet */;
			targetProxy = E5C4A56928D8A9C900EFEF36 /* PBXContainerItemProxy */;
		};
/* End PBXTargetDependency section */

/* Begin XCBuildConfiguration section */
		E5C4A57028D8A9C900EFEF36 /* Debug */ = {
			isa = XCBuildConfiguration;
			buildSettings = {
				ALWAYS_SEARCH_USER_PATHS = NO;
				CLANG_ANALYZER_NONNULL = YES;
				CLANG_ANALYZER_NUMBER_OBJECT_CONVERSION = YES_AGGRESSIVE;
				CLANG_CXX_LANGUAGE_STANDARD = "gnu++17";
				CLANG_ENABLE_MODULES = YES;
				CLANG_ENABLE_OBJC_ARC = YES;
				CLANG_ENABLE_OBJC_WEAK = YES;
				CLANG_WARN_BLOCK_CAPTURE_AUTORELEASING = YES;
				CLANG_WARN_BOOL_CONVERSION = YES;
				CLANG_WARN_COMMA = YES;
				CLANG_WARN_CONSTANT_CONVERSION = YES;
				CLANG_WARN_DEPRECATED_OBJC_IMPLEMENTATIONS = YES;
				CLANG_WARN_DIRECT_OBJC_ISA_USAGE = YES_ERROR;
				CLANG_WARN_DOCUMENTATION_COMMENTS = YES;
				CLANG_WARN_EMPTY_BODY = YES;
				CLANG_WARN_ENUM_CONVERSION = YES;
				CLANG_WARN_INFINITE_RECURSION = YES;
				CLANG_WARN_INT_CONVERSION = YES;
				CLANG_WARN_NON_LITERAL_NULL_CONVERSION = YES;
				CLANG_WARN_OBJC_IMPLICIT_RETAIN_SELF = YES;
				CLANG_WARN_OBJC_LITERAL_CONVERSION = YES;
				CLANG_WARN_OBJC_ROOT_CLASS = YES_ERROR;
				CLANG_WARN_QUOTED_INCLUDE_IN_FRAMEWORK_HEADER = YES;
				CLANG_WARN_RANGE_LOOP_ANALYSIS = YES;
				CLANG_WARN_STRICT_PROTOTYPES = YES;
				CLANG_WARN_SUSPICIOUS_MOVE = YES;
				CLANG_WARN_UNGUARDED_AVAILABILITY = YES_AGGRESSIVE;
				CLANG_WARN_UNREACHABLE_CODE = YES;
				CLANG_WARN__DUPLICATE_METHOD_MATCH = YES;
				COPY_PHASE_STRIP = NO;
				DEBUG_INFORMATION_FORMAT = dwarf;
				ENABLE_STRICT_OBJC_MSGSEND = YES;
				ENABLE_TESTABILITY = YES;
				GCC_C_LANGUAGE_STANDARD = gnu11;
				GCC_DYNAMIC_NO_PIC = NO;
				GCC_NO_COMMON_BLOCKS = YES;
				GCC_OPTIMIZATION_LEVEL = 0;
				GCC_PREPROCESSOR_DEFINITIONS = (
					"DEBUG=1",
					"$(inherited)",
				);
				GCC_WARN_64_TO_32_BIT_CONVERSION = YES;
				GCC_WARN_ABOUT_RETURN_TYPE = YES_ERROR;
				GCC_WARN_UNDECLARED_SELECTOR = YES;
				GCC_WARN_UNINITIALIZED_AUTOS = YES_AGGRESSIVE;
				GCC_WARN_UNUSED_FUNCTION = YES;
				GCC_WARN_UNUSED_VARIABLE = YES;
				IPHONEOS_DEPLOYMENT_TARGET = 16.0;
				MTL_ENABLE_DEBUG_INFO = INCLUDE_SOURCE;
				MTL_FAST_MATH = YES;
				ONLY_ACTIVE_ARCH = YES;
				SDKROOT = iphoneos;
				SWIFT_ACTIVE_COMPILATION_CONDITIONS = DEBUG;
				SWIFT_OPTIMIZATION_LEVEL = "-Onone";
			};
			name = Debug;
		};
		E5C4A57128D8A9C900EFEF36 /* Release */ = {
			isa = XCBuildConfiguration;
			buildSettings = {
				ALWAYS_SEARCH_USER_PATHS = NO;
				CLANG_ANALYZER_NONNULL = YES;
				CLANG_ANALYZER_NUMBER_OBJECT_CONVERSION = YES_AGGRESSIVE;
				CLANG_CXX_LANGUAGE_STANDARD = "gnu++17";
				CLANG_ENABLE_MODULES = YES;
				CLANG_ENABLE_OBJC_ARC = YES;
				CLANG_ENABLE_OBJC_WEAK = YES;
				CLANG_WARN_BLOCK_CAPTURE_AUTORELEASING = YES;
				CLANG_WARN_BOOL_CONVERSION = YES;
				CLANG_WARN_COMMA = YES;
				CLANG_WARN_CONSTANT_CONVERSION = YES;
				CLANG_WARN_DEPRECATED_OBJC_IMPLEMENTATIONS = YES;
				CLANG_WARN_DIRECT_OBJC_ISA_USAGE = YES_ERROR;
				CLANG_WARN_DOCUMENTATION_COMMENTS = YES;
				CLANG_WARN_EMPTY_BODY = YES;
				CLANG_WARN_ENUM_CONVERSION = YES;
				CLANG_WARN_INFINITE_RECURSION = YES;
				CLANG_WARN_INT_CONVERSION = YES;
				CLANG_WARN_NON_LITERAL_NULL_CONVERSION = YES;
				CLANG_WARN_OBJC_IMPLICIT_RETAIN_SELF = YES;
				CLANG_WARN_OBJC_LITERAL_CONVERSION = YES;
				CLANG_WARN_OBJC_ROOT_CLASS = YES_ERROR;
				CLANG_WARN_QUOTED_INCLUDE_IN_FRAMEWORK_HEADER = YES;
				CLANG_WARN_RANGE_LOOP_ANALYSIS = YES;
				CLANG_WARN_STRICT_PROTOTYPES = YES;
				CLANG_WARN_SUSPICIOUS_MOVE = YES;
				CLANG_WARN_UNGUARDED_AVAILABILITY = YES_AGGRESSIVE;
				CLANG_WARN_UNREACHABLE_CODE = YES;
				CLANG_WARN__DUPLICATE_METHOD_MATCH = YES;
				COPY_PHASE_STRIP = NO;
				DEBUG_INFORMATION_FORMAT = "dwarf-with-dsym";
				ENABLE_NS_ASSERTIONS = NO;
				ENABLE_STRICT_OBJC_MSGSEND = YES;
				GCC_C_LANGUAGE_STANDARD = gnu11;
				GCC_NO_COMMON_BLOCKS = YES;
				GCC_WARN_64_TO_32_BIT_CONVERSION = YES;
				GCC_WARN_ABOUT_RETURN_TYPE = YES_ERROR;
				GCC_WARN_UNDECLARED_SELECTOR = YES;
				GCC_WARN_UNINITIALIZED_AUTOS = YES_AGGRESSIVE;
				GCC_WARN_UNUSED_FUNCTION = YES;
				GCC_WARN_UNUSED_VARIABLE = YES;
				IPHONEOS_DEPLOYMENT_TARGET = 16.0;
				MTL_ENABLE_DEBUG_INFO = NO;
				MTL_FAST_MATH = YES;
				SDKROOT = iphoneos;
				SWIFT_COMPILATION_MODE = wholemodule;
				SWIFT_OPTIMIZATION_LEVEL = "-O";
				VALIDATE_PRODUCT = YES;
			};
			name = Release;
		};
		E5C4A57328D8A9C900EFEF36 /* Debug */ = {
			isa = XCBuildConfiguration;
			buildSettings = {
				ASSETCATALOG_COMPILER_APPICON_NAME = AppIcon;
				ASSETCATALOG_COMPILER_GLOBAL_ACCENT_COLOR_NAME = AccentColor;
				ASSETCATALOG_COMPILER_INCLUDE_ALL_APPICON_ASSETS = YES;
				CODE_SIGN_STYLE = Automatic;
				CURRENT_PROJECT_VERSION = 1;
				DEVELOPMENT_ASSET_PATHS = "\"deSmet/Preview Content\"";
				DEVELOPMENT_TEAM = Q4F9FYJ2D7;
				ENABLE_PREVIEWS = YES;
				GENERATE_INFOPLIST_FILE = YES;
				INFOPLIST_FILE = deSmet/Info.plist;
				INFOPLIST_KEY_CFBundleDisplayName = deSmet;
				INFOPLIST_KEY_LSApplicationCategoryType = "public.app-category.social-networking";
				INFOPLIST_KEY_UIApplicationSceneManifest_Generation = YES;
				INFOPLIST_KEY_UIApplicationSupportsIndirectInputEvents = YES;
				INFOPLIST_KEY_UISupportedInterfaceOrientations_iPad = "UIInterfaceOrientationPortrait UIInterfaceOrientationPortraitUpsideDown UIInterfaceOrientationLandscapeLeft UIInterfaceOrientationLandscapeRight";
				INFOPLIST_KEY_UISupportedInterfaceOrientations_iPhone = "UIInterfaceOrientationPortrait UIInterfaceOrientationLandscapeLeft UIInterfaceOrientationLandscapeRight";
				IPHONEOS_DEPLOYMENT_TARGET = 16.0;
				LD_RUNPATH_SEARCH_PATHS = (
					"$(inherited)",
					"@executable_path/Frameworks",
				);
				MARKETING_VERSION = 1.0;
				PRODUCT_BUNDLE_IDENTIFIER = HHKP.deSmet;
				PRODUCT_NAME = "$(TARGET_NAME)";
				SWIFT_EMIT_LOC_STRINGS = YES;
				SWIFT_VERSION = 5.0;
				TARGETED_DEVICE_FAMILY = "1,2";
			};
			name = Debug;
		};
		E5C4A57428D8A9C900EFEF36 /* Release */ = {
			isa = XCBuildConfiguration;
			buildSettings = {
				ASSETCATALOG_COMPILER_APPICON_NAME = AppIcon;
				ASSETCATALOG_COMPILER_GLOBAL_ACCENT_COLOR_NAME = AccentColor;
				ASSETCATALOG_COMPILER_INCLUDE_ALL_APPICON_ASSETS = YES;
				CODE_SIGN_STYLE = Automatic;
				CURRENT_PROJECT_VERSION = 1;
				DEVELOPMENT_ASSET_PATHS = "\"deSmet/Preview Content\"";
				DEVELOPMENT_TEAM = Q4F9FYJ2D7;
				ENABLE_PREVIEWS = YES;
				GENERATE_INFOPLIST_FILE = YES;
				INFOPLIST_FILE = deSmet/Info.plist;
				INFOPLIST_KEY_CFBundleDisplayName = deSmet;
				INFOPLIST_KEY_LSApplicationCategoryType = "public.app-category.social-networking";
				INFOPLIST_KEY_UIApplicationSceneManifest_Generation = YES;
				INFOPLIST_KEY_UIApplicationSupportsIndirectInputEvents = YES;
				INFOPLIST_KEY_UISupportedInterfaceOrientations_iPad = "UIInterfaceOrientationPortrait UIInterfaceOrientationPortraitUpsideDown UIInterfaceOrientationLandscapeLeft UIInterfaceOrientationLandscapeRight";
				INFOPLIST_KEY_UISupportedInterfaceOrientations_iPhone = "UIInterfaceOrientationPortrait UIInterfaceOrientationLandscapeLeft UIInterfaceOrientationLandscapeRight";
				IPHONEOS_DEPLOYMENT_TARGET = 16.0;
				LD_RUNPATH_SEARCH_PATHS = (
					"$(inherited)",
					"@executable_path/Frameworks",
				);
				MARKETING_VERSION = 1.0;
				PRODUCT_BUNDLE_IDENTIFIER = HHKP.deSmet;
				PRODUCT_NAME = "$(TARGET_NAME)";
				SWIFT_EMIT_LOC_STRINGS = YES;
				SWIFT_VERSION = 5.0;
				TARGETED_DEVICE_FAMILY = "1,2";
			};
			name = Release;
		};
		E5C4A57628D8A9C900EFEF36 /* Debug */ = {
			isa = XCBuildConfiguration;
			buildSettings = {
				ALWAYS_EMBED_SWIFT_STANDARD_LIBRARIES = YES;
				BUNDLE_LOADER = "$(TEST_HOST)";
				CODE_SIGN_STYLE = Automatic;
				CURRENT_PROJECT_VERSION = 1;
				DEVELOPMENT_TEAM = W292N6YCV6;
				GENERATE_INFOPLIST_FILE = YES;
				IPHONEOS_DEPLOYMENT_TARGET = 16.0;
				MARKETING_VERSION = 1.0;
				PRODUCT_BUNDLE_IDENTIFIER = HHKP.deSmetTests;
				PRODUCT_NAME = "$(TARGET_NAME)";
				SWIFT_EMIT_LOC_STRINGS = NO;
				SWIFT_VERSION = 5.0;
				TARGETED_DEVICE_FAMILY = "1,2";
				TEST_HOST = "$(BUILT_PRODUCTS_DIR)/deSmet.app/deSmet";
			};
			name = Debug;
		};
		E5C4A57728D8A9C900EFEF36 /* Release */ = {
			isa = XCBuildConfiguration;
			buildSettings = {
				ALWAYS_EMBED_SWIFT_STANDARD_LIBRARIES = YES;
				BUNDLE_LOADER = "$(TEST_HOST)";
				CODE_SIGN_STYLE = Automatic;
				CURRENT_PROJECT_VERSION = 1;
				DEVELOPMENT_TEAM = W292N6YCV6;
				GENERATE_INFOPLIST_FILE = YES;
				IPHONEOS_DEPLOYMENT_TARGET = 16.0;
				MARKETING_VERSION = 1.0;
				PRODUCT_BUNDLE_IDENTIFIER = HHKP.deSmetTests;
				PRODUCT_NAME = "$(TARGET_NAME)";
				SWIFT_EMIT_LOC_STRINGS = NO;
				SWIFT_VERSION = 5.0;
				TARGETED_DEVICE_FAMILY = "1,2";
				TEST_HOST = "$(BUILT_PRODUCTS_DIR)/deSmet.app/deSmet";
			};
			name = Release;
		};
		E5C4A57928D8A9C900EFEF36 /* Debug */ = {
			isa = XCBuildConfiguration;
			buildSettings = {
				ALWAYS_EMBED_SWIFT_STANDARD_LIBRARIES = YES;
				CODE_SIGN_STYLE = Automatic;
				CURRENT_PROJECT_VERSION = 1;
				DEVELOPMENT_TEAM = W292N6YCV6;
				GENERATE_INFOPLIST_FILE = YES;
				IPHONEOS_DEPLOYMENT_TARGET = 16.0;
				MARKETING_VERSION = 1.0;
				PRODUCT_BUNDLE_IDENTIFIER = HHKP.deSmetUITests;
				PRODUCT_NAME = "$(TARGET_NAME)";
				SWIFT_EMIT_LOC_STRINGS = NO;
				SWIFT_VERSION = 5.0;
				TARGETED_DEVICE_FAMILY = "1,2";
				TEST_TARGET_NAME = deSmet;
			};
			name = Debug;
		};
		E5C4A57A28D8A9C900EFEF36 /* Release */ = {
			isa = XCBuildConfiguration;
			buildSettings = {
				ALWAYS_EMBED_SWIFT_STANDARD_LIBRARIES = YES;
				CODE_SIGN_STYLE = Automatic;
				CURRENT_PROJECT_VERSION = 1;
				DEVELOPMENT_TEAM = W292N6YCV6;
				GENERATE_INFOPLIST_FILE = YES;
				IPHONEOS_DEPLOYMENT_TARGET = 16.0;
				MARKETING_VERSION = 1.0;
				PRODUCT_BUNDLE_IDENTIFIER = HHKP.deSmetUITests;
				PRODUCT_NAME = "$(TARGET_NAME)";
				SWIFT_EMIT_LOC_STRINGS = NO;
				SWIFT_VERSION = 5.0;
				TARGETED_DEVICE_FAMILY = "1,2";
				TEST_TARGET_NAME = deSmet;
			};
			name = Release;
		};
/* End XCBuildConfiguration section */

/* Begin XCConfigurationList section */
		E5C4A54928D8A9C600EFEF36 /* Build configuration list for PBXProject "deSmet" */ = {
			isa = XCConfigurationList;
			buildConfigurations = (
				E5C4A57028D8A9C900EFEF36 /* Debug */,
				E5C4A57128D8A9C900EFEF36 /* Release */,
			);
			defaultConfigurationIsVisible = 0;
			defaultConfigurationName = Release;
		};
		E5C4A57228D8A9C900EFEF36 /* Build configuration list for PBXNativeTarget "deSmet" */ = {
			isa = XCConfigurationList;
			buildConfigurations = (
				E5C4A57328D8A9C900EFEF36 /* Debug */,
				E5C4A57428D8A9C900EFEF36 /* Release */,
			);
			defaultConfigurationIsVisible = 0;
			defaultConfigurationName = Release;
		};
		E5C4A57528D8A9C900EFEF36 /* Build configuration list for PBXNativeTarget "deSmetTests" */ = {
			isa = XCConfigurationList;
			buildConfigurations = (
				E5C4A57628D8A9C900EFEF36 /* Debug */,
				E5C4A57728D8A9C900EFEF36 /* Release */,
			);
			defaultConfigurationIsVisible = 0;
			defaultConfigurationName = Release;
		};
		E5C4A57828D8A9C900EFEF36 /* Build configuration list for PBXNativeTarget "deSmetUITests" */ = {
			isa = XCConfigurationList;
			buildConfigurations = (
				E5C4A57928D8A9C900EFEF36 /* Debug */,
				E5C4A57A28D8A9C900EFEF36 /* Release */,
			);
			defaultConfigurationIsVisible = 0;
			defaultConfigurationName = Release;
		};
/* End XCConfigurationList section */

/* Begin XCRemoteSwiftPackageReference section */
		E54FDBB328DCC3D6008294DE /* XCRemoteSwiftPackageReference "firebase-ios-sdk" */ = {
			isa = XCRemoteSwiftPackageReference;
			repositoryURL = "https://github.com/firebase/firebase-ios-sdk";
			requirement = {
				kind = upToNextMajorVersion;
				minimumVersion = 9.0.0;
			};
		};
/* End XCRemoteSwiftPackageReference section */

/* Begin XCSwiftPackageProductDependency section */
		E54FDBB428DCC3D6008294DE /* FirebaseAnalytics */ = {
			isa = XCSwiftPackageProductDependency;
			package = E54FDBB328DCC3D6008294DE /* XCRemoteSwiftPackageReference "firebase-ios-sdk" */;
			productName = FirebaseAnalytics;
		};
		E54FDBB628DCC3D6008294DE /* FirebaseAnalyticsSwift */ = {
			isa = XCSwiftPackageProductDependency;
			package = E54FDBB328DCC3D6008294DE /* XCRemoteSwiftPackageReference "firebase-ios-sdk" */;
			productName = FirebaseAnalyticsSwift;
		};
		E54FDBB828DCC3D6008294DE /* FirebaseAuth */ = {
			isa = XCSwiftPackageProductDependency;
			package = E54FDBB328DCC3D6008294DE /* XCRemoteSwiftPackageReference "firebase-ios-sdk" */;
			productName = FirebaseAuth;
		};
		E54FDBBA28DCC3D6008294DE /* FirebaseAuthCombine-Community */ = {
			isa = XCSwiftPackageProductDependency;
			package = E54FDBB328DCC3D6008294DE /* XCRemoteSwiftPackageReference "firebase-ios-sdk" */;
			productName = "FirebaseAuthCombine-Community";
		};
		E54FDBBC28DCC3D6008294DE /* FirebaseDatabase */ = {
			isa = XCSwiftPackageProductDependency;
			package = E54FDBB328DCC3D6008294DE /* XCRemoteSwiftPackageReference "firebase-ios-sdk" */;
			productName = FirebaseDatabase;
		};
		E54FDBBE28DCC3D6008294DE /* FirebaseDatabaseSwift */ = {
			isa = XCSwiftPackageProductDependency;
			package = E54FDBB328DCC3D6008294DE /* XCRemoteSwiftPackageReference "firebase-ios-sdk" */;
			productName = FirebaseDatabaseSwift;
		};
		E54FDBC028DCC3D6008294DE /* FirebaseDynamicLinks */ = {
			isa = XCSwiftPackageProductDependency;
			package = E54FDBB328DCC3D6008294DE /* XCRemoteSwiftPackageReference "firebase-ios-sdk" */;
			productName = FirebaseDynamicLinks;
		};
		E54FDBC228DCC3D6008294DE /* FirebaseFirestore */ = {
			isa = XCSwiftPackageProductDependency;
			package = E54FDBB328DCC3D6008294DE /* XCRemoteSwiftPackageReference "firebase-ios-sdk" */;
			productName = FirebaseFirestore;
		};
		E54FDBC428DCC3D6008294DE /* FirebaseFirestoreCombine-Community */ = {
			isa = XCSwiftPackageProductDependency;
			package = E54FDBB328DCC3D6008294DE /* XCRemoteSwiftPackageReference "firebase-ios-sdk" */;
			productName = "FirebaseFirestoreCombine-Community";
		};
		E54FDBC628DCC3D6008294DE /* FirebaseFirestoreSwift */ = {
			isa = XCSwiftPackageProductDependency;
			package = E54FDBB328DCC3D6008294DE /* XCRemoteSwiftPackageReference "firebase-ios-sdk" */;
			productName = FirebaseFirestoreSwift;
		};
		E54FDBC828DCC3D6008294DE /* FirebaseInAppMessaging-Beta */ = {
			isa = XCSwiftPackageProductDependency;
			package = E54FDBB328DCC3D6008294DE /* XCRemoteSwiftPackageReference "firebase-ios-sdk" */;
			productName = "FirebaseInAppMessaging-Beta";
		};
		E54FDBCA28DCC3D6008294DE /* FirebaseInAppMessagingSwift-Beta */ = {
			isa = XCSwiftPackageProductDependency;
			package = E54FDBB328DCC3D6008294DE /* XCRemoteSwiftPackageReference "firebase-ios-sdk" */;
			productName = "FirebaseInAppMessagingSwift-Beta";
		};
		E54FDBCC28DCC3D6008294DE /* FirebaseInstallations */ = {
			isa = XCSwiftPackageProductDependency;
			package = E54FDBB328DCC3D6008294DE /* XCRemoteSwiftPackageReference "firebase-ios-sdk" */;
			productName = FirebaseInstallations;
		};
		E54FDBCE28DCC3D6008294DE /* FirebaseMessaging */ = {
			isa = XCSwiftPackageProductDependency;
			package = E54FDBB328DCC3D6008294DE /* XCRemoteSwiftPackageReference "firebase-ios-sdk" */;
			productName = FirebaseMessaging;
		};
		E54FDBD028DCC3D6008294DE /* FirebasePerformance */ = {
			isa = XCSwiftPackageProductDependency;
			package = E54FDBB328DCC3D6008294DE /* XCRemoteSwiftPackageReference "firebase-ios-sdk" */;
			productName = FirebasePerformance;
		};
		E54FDBD228DCC3D6008294DE /* FirebaseStorage */ = {
			isa = XCSwiftPackageProductDependency;
			package = E54FDBB328DCC3D6008294DE /* XCRemoteSwiftPackageReference "firebase-ios-sdk" */;
			productName = FirebaseStorage;
		};
		E54FDBD428DCC3D6008294DE /* FirebaseStorageCombine-Community */ = {
			isa = XCSwiftPackageProductDependency;
			package = E54FDBB328DCC3D6008294DE /* XCRemoteSwiftPackageReference "firebase-ios-sdk" */;
			productName = "FirebaseStorageCombine-Community";
		};
/* End XCSwiftPackageProductDependency section */
	};
	rootObject = E5C4A54628D8A9C600EFEF36 /* Project object */;
}
